
Microsoft Visual Studio Solution File, Format Version 12.00
# Visual Studio Version 17
VisualStudioVersion = 17.0.31903.59
MinimumVisualStudioVersion = 10.0.40219.1
Project("{2150E333-8FDC-42A3-9474-1A3956D46DE8}") = "src", "src", "{827E0CD3-B72D-47B6-A68D-7590B98EB39B}"
EndProject
Project("{2150E333-8FDC-42A3-9474-1A3956D46DE8}") = "Services", "Services", "{984BB9B3-3FA3-BE33-9484-CAC21695A33C}"
EndProject
Project("{2150E333-8FDC-42A3-9474-1A3956D46DE8}") = "Lancamentos", "Lancamentos", "{D933A115-F1A8-E5B2-7B3C-FAAE56DB120F}"
EndProject
Project("{FAE04EC0-301F-11D3-BF4B-00C04F79EFBC}") = "FluxoCaixa.Lancamentos.API", "src\Services\Lancamentos\FluxoCaixa.Lancamentos.API\FluxoCaixa.Lancamentos.API.csproj", "{05941FDF-390C-43B0-8097-CF2A59B6A131}"
EndProject
Project("{FAE04EC0-301F-11D3-BF4B-00C04F79EFBC}") = "FluxoCaixa.Lancamentos.Domain", "src\Services\Lancamentos\FluxoCaixa.Lancamentos.Domain\FluxoCaixa.Lancamentos.Domain.csproj", "{49329FD7-4D59-4301-9561-B1D8869FA58C}"
EndProject
Project("{FAE04EC0-301F-11D3-BF4B-00C04F79EFBC}") = "FluxoCaixa.Lancamentos.Application", "src\Services\Lancamentos\FluxoCaixa.Lancamentos.Application\FluxoCaixa.Lancamentos.Application.csproj", "{710490D0-4A44-475C-A9A6-DF032BC88FB8}"
EndProject
Project("{FAE04EC0-301F-11D3-BF4B-00C04F79EFBC}") = "FluxoCaixa.Lancamentos.Infrastructure", "src\Services\Lancamentos\FluxoCaixa.Lancamentos.Infrastructure\FluxoCaixa.Lancamentos.Infrastructure.csproj", "{070761EA-7E7B-46E7-B2FA-7E469EB141C7}"
EndProject
Project("{2150E333-8FDC-42A3-9474-1A3956D46DE8}") = "Consolidado", "Consolidado", "{285983DD-A080-F31C-0423-0D54378F8BE9}"
EndProject
Project("{FAE04EC0-301F-11D3-BF4B-00C04F79EFBC}") = "FluxoCaixa.Consolidado.API", "src\Services\Consolidado\FluxoCaixa.Consolidado.API\FluxoCaixa.Consolidado.API.csproj", "{666EC27C-E4A9-48AF-A9A7-62F42C1DE803}"
EndProject
Project("{FAE04EC0-301F-11D3-BF4B-00C04F79EFBC}") = "FluxoCaixa.Consolidado.Domain", "src\Services\Consolidado\FluxoCaixa.Consolidado.Domain\FluxoCaixa.Consolidado.Domain.csproj", "{1F860A72-5123-485D-B726-D5BA064EE722}"
EndProject
Project("{FAE04EC0-301F-11D3-BF4B-00C04F79EFBC}") = "FluxoCaixa.Consolidado.Application", "src\Services\Consolidado\FluxoCaixa.Consolidado.Application\FluxoCaixa.Consolidado.Application.csproj", "{8F7E6C93-D8C2-414F-93C8-37223D95909A}"
EndProject
Project("{FAE04EC0-301F-11D3-BF4B-00C04F79EFBC}") = "FluxoCaixa.Consolidado.Infrastructure", "src\Services\Consolidado\FluxoCaixa.Consolidado.Infrastructure\FluxoCaixa.Consolidado.Infrastructure.csproj", "{7A8965BB-0F73-4F92-A666-7012EB854252}"
EndProject
Project("{2150E333-8FDC-42A3-9474-1A3956D46DE8}") = "BuildingBlocks", "BuildingBlocks", "{90298CBA-BD6F-3A0A-69D5-97CAD7B05E7E}"
EndProject
Project("{FAE04EC0-301F-11D3-BF4B-00C04F79EFBC}") = "FluxoCaixa.Core", "src\BuildingBlocks\FluxoCaixa.Core\FluxoCaixa.Core.csproj", "{D61FC9D6-9680-4743-A132-EBCDBB2D0071}"
EndProject
Project("{FAE04EC0-301F-11D3-BF4B-00C04F79EFBC}") = "FluxoCaixa.EventBus", "src\BuildingBlocks\FluxoCaixa.EventBus\FluxoCaixa.EventBus.csproj", "{67908F1D-3ADE-470B-9BDB-E780FAEA33B3}"
EndProject
Project("{2150E333-8FDC-42A3-9474-1A3956D46DE8}") = "tests", "tests", "{0AB3BF05-4346-4AA6-1389-037BE0695223}"
EndProject
Project("{FAE04EC0-301F-11D3-BF4B-00C04F79EFBC}") = "FluxoCaixa.Lancamentos.Tests", "tests\FluxoCaixa.Lancamentos.Tests\FluxoCaixa.Lancamentos.Tests.csproj", "{3FF4AC22-A046-4A0A-9EC0-143421F7555F}"
EndProject
Project("{FAE04EC0-301F-11D3-BF4B-00C04F79EFBC}") = "FluxoCaixa.Consolidado.Tests", "tests\FluxoCaixa.Consolidado.Tests\FluxoCaixa.Consolidado.Tests.csproj", "{03FFE781-4FF7-4824-A222-008B5DBB0F58}"
EndProject
Global
	GlobalSection(SolutionConfigurationPlatforms) = preSolution
		Debug|Any CPU = Debug|Any CPU
		Debug|x64 = Debug|x64
		Debug|x86 = Debug|x86
		Release|Any CPU = Release|Any CPU
		Release|x64 = Release|x64
		Release|x86 = Release|x86
	EndGlobalSection
	GlobalSection(ProjectConfigurationPlatforms) = postSolution
		{05941FDF-390C-43B0-8097-CF2A59B6A131}.Debug|Any CPU.ActiveCfg = Debug|Any CPU
		{05941FDF-390C-43B0-8097-CF2A59B6A131}.Debug|Any CPU.Build.0 = Debug|Any CPU
		{05941FDF-390C-43B0-8097-CF2A59B6A131}.Debug|x64.ActiveCfg = Debug|Any CPU
		{05941FDF-390C-43B0-8097-CF2A59B6A131}.Debug|x64.Build.0 = Debug|Any CPU
		{05941FDF-390C-43B0-8097-CF2A59B6A131}.Debug|x86.ActiveCfg = Debug|Any CPU
		{05941FDF-390C-43B0-8097-CF2A59B6A131}.Debug|x86.Build.0 = Debug|Any CPU
		{05941FDF-390C-43B0-8097-CF2A59B6A131}.Release|Any CPU.ActiveCfg = Release|Any CPU
		{05941FDF-390C-43B0-8097-CF2A59B6A131}.Release|Any CPU.Build.0 = Release|Any CPU
		{05941FDF-390C-43B0-8097-CF2A59B6A131}.Release|x64.ActiveCfg = Release|Any CPU
		{05941FDF-390C-43B0-8097-CF2A59B6A131}.Release|x64.Build.0 = Release|Any CPU
		{05941FDF-390C-43B0-8097-CF2A59B6A131}.Release|x86.ActiveCfg = Release|Any CPU
		{05941FDF-390C-43B0-8097-CF2A59B6A131}.Release|x86.Build.0 = Release|Any CPU
		{49329FD7-4D59-4301-9561-B1D8869FA58C}.Debug|Any CPU.ActiveCfg = Debug|Any CPU
		{49329FD7-4D59-4301-9561-B1D8869FA58C}.Debug|Any CPU.Build.0 = Debug|Any CPU
		{49329FD7-4D59-4301-9561-B1D8869FA58C}.Debug|x64.ActiveCfg = Debug|Any CPU
		{49329FD7-4D59-4301-9561-B1D8869FA58C}.Debug|x64.Build.0 = Debug|Any CPU
		{49329FD7-4D59-4301-9561-B1D8869FA58C}.Debug|x86.ActiveCfg = Debug|Any CPU
		{49329FD7-4D59-4301-9561-B1D8869FA58C}.Debug|x86.Build.0 = Debug|Any CPU
		{49329FD7-4D59-4301-9561-B1D8869FA58C}.Release|Any CPU.ActiveCfg = Release|Any CPU
		{49329FD7-4D59-4301-9561-B1D8869FA58C}.Release|Any CPU.Build.0 = Release|Any CPU
		{49329FD7-4D59-4301-9561-B1D8869FA58C}.Release|x64.ActiveCfg = Release|Any CPU
		{49329FD7-4D59-4301-9561-B1D8869FA58C}.Release|x64.Build.0 = Release|Any CPU
		{49329FD7-4D59-4301-9561-B1D8869FA58C}.Release|x86.ActiveCfg = Release|Any CPU
		{49329FD7-4D59-4301-9561-B1D8869FA58C}.Release|x86.Build.0 = Release|Any CPU
		{710490D0-4A44-475C-A9A6-DF032BC88FB8}.Debug|Any CPU.ActiveCfg = Debug|Any CPU
		{710490D0-4A44-475C-A9A6-DF032BC88FB8}.Debug|Any CPU.Build.0 = Debug|Any CPU
		{710490D0-4A44-475C-A9A6-DF032BC88FB8}.Debug|x64.ActiveCfg = Debug|Any CPU
		{710490D0-4A44-475C-A9A6-DF032BC88FB8}.Debug|x64.Build.0 = Debug|Any CPU
		{710490D0-4A44-475C-A9A6-DF032BC88FB8}.Debug|x86.ActiveCfg = Debug|Any CPU
		{710490D0-4A44-475C-A9A6-DF032BC88FB8}.Debug|x86.Build.0 = Debug|Any CPU
		{710490D0-4A44-475C-A9A6-DF032BC88FB8}.Release|Any CPU.ActiveCfg = Release|Any CPU
		{710490D0-4A44-475C-A9A6-DF032BC88FB8}.Release|Any CPU.Build.0 = Release|Any CPU
		{710490D0-4A44-475C-A9A6-DF032BC88FB8}.Release|x64.ActiveCfg = Release|Any CPU
		{710490D0-4A44-475C-A9A6-DF032BC88FB8}.Release|x64.Build.0 = Release|Any CPU
		{710490D0-4A44-475C-A9A6-DF032BC88FB8}.Release|x86.ActiveCfg = Release|Any CPU
		{710490D0-4A44-475C-A9A6-DF032BC88FB8}.Release|x86.Build.0 = Release|Any CPU
		{070761EA-7E7B-46E7-B2FA-7E469EB141C7}.Debug|Any CPU.ActiveCfg = Debug|Any CPU
		{070761EA-7E7B-46E7-B2FA-7E469EB141C7}.Debug|Any CPU.Build.0 = Debug|Any CPU
		{070761EA-7E7B-46E7-B2FA-7E469EB141C7}.Debug|x64.ActiveCfg = Debug|Any CPU
		{070761EA-7E7B-46E7-B2FA-7E469EB141C7}.Debug|x64.Build.0 = Debug|Any CPU
		{070761EA-7E7B-46E7-B2FA-7E469EB141C7}.Debug|x86.ActiveCfg = Debug|Any CPU
		{070761EA-7E7B-46E7-B2FA-7E469EB141C7}.Debug|x86.Build.0 = Debug|Any CPU
		{070761EA-7E7B-46E7-B2FA-7E469EB141C7}.Release|Any CPU.ActiveCfg = Release|Any CPU
		{070761EA-7E7B-46E7-B2FA-7E469EB141C7}.Release|Any CPU.Build.0 = Release|Any CPU
		{070761EA-7E7B-46E7-B2FA-7E469EB141C7}.Release|x64.ActiveCfg = Release|Any CPU
		{070761EA-7E7B-46E7-B2FA-7E469EB141C7}.Release|x64.Build.0 = Release|Any CPU
		{070761EA-7E7B-46E7-B2FA-7E469EB141C7}.Release|x86.ActiveCfg = Release|Any CPU
		{070761EA-7E7B-46E7-B2FA-7E469EB141C7}.Release|x86.Build.0 = Release|Any CPU
		{666EC27C-E4A9-48AF-A9A7-62F42C1DE803}.Debug|Any CPU.ActiveCfg = Debug|Any CPU
		{666EC27C-E4A9-48AF-A9A7-62F42C1DE803}.Debug|Any CPU.Build.0 = Debug|Any CPU
		{666EC27C-E4A9-48AF-A9A7-62F42C1DE803}.Debug|x64.ActiveCfg = Debug|Any CPU
		{666EC27C-E4A9-48AF-A9A7-62F42C1DE803}.Debug|x64.Build.0 = Debug|Any CPU
		{666EC27C-E4A9-48AF-A9A7-62F42C1DE803}.Debug|x86.ActiveCfg = Debug|Any CPU
		{666EC27C-E4A9-48AF-A9A7-62F42C1DE803}.Debug|x86.Build.0 = Debug|Any CPU
		{666EC27C-E4A9-48AF-A9A7-62F42C1DE803}.Release|Any CPU.ActiveCfg = Release|Any CPU
		{666EC27C-E4A9-48AF-A9A7-62F42C1DE803}.Release|Any CPU.Build.0 = Release|Any CPU
		{666EC27C-E4A9-48AF-A9A7-62F42C1DE803}.Release|x64.ActiveCfg = Release|Any CPU
		{666EC27C-E4A9-48AF-A9A7-62F42C1DE803}.Release|x64.Build.0 = Release|Any CPU
		{666EC27C-E4A9-48AF-A9A7-62F42C1DE803}.Release|x86.ActiveCfg = Release|Any CPU
		{666EC27C-E4A9-48AF-A9A7-62F42C1DE803}.Release|x86.Build.0 = Release|Any CPU
		{1F860A72-5123-485D-B726-D5BA064EE722}.Debug|Any CPU.ActiveCfg = Debug|Any CPU
		{1F860A72-5123-485D-B726-D5BA064EE722}.Debug|Any CPU.Build.0 = Debug|Any CPU
		{1F860A72-5123-485D-B726-D5BA064EE722}.Debug|x64.ActiveCfg = Debug|Any CPU
		{1F860A72-5123-485D-B726-D5BA064EE722}.Debug|x64.Build.0 = Debug|Any CPU
		{1F860A72-5123-485D-B726-D5BA064EE722}.Debug|x86.ActiveCfg = Debug|Any CPU
		{1F860A72-5123-485D-B726-D5BA064EE722}.Debug|x86.Build.0 = Debug|Any CPU
		{1F860A72-5123-485D-B726-D5BA064EE722}.Release|Any CPU.ActiveCfg = Release|Any CPU
		{1F860A72-5123-485D-B726-D5BA064EE722}.Release|Any CPU.Build.0 = Release|Any CPU
		{1F860A72-5123-485D-B726-D5BA064EE722}.Release|x64.ActiveCfg = Release|Any CPU
		{1F860A72-5123-485D-B726-D5BA064EE722}.Release|x64.Build.0 = Release|Any CPU
		{1F860A72-5123-485D-B726-D5BA064EE722}.Release|x86.ActiveCfg = Release|Any CPU
		{1F860A72-5123-485D-B726-D5BA064EE722}.Release|x86.Build.0 = Release|Any CPU
		{8F7E6C93-D8C2-414F-93C8-37223D95909A}.Debug|Any CPU.ActiveCfg = Debug|Any CPU
		{8F7E6C93-D8C2-414F-93C8-37223D95909A}.Debug|Any CPU.Build.0 = Debug|Any CPU
		{8F7E6C93-D8C2-414F-93C8-37223D95909A}.Debug|x64.ActiveCfg = Debug|Any CPU
		{8F7E6C93-D8C2-414F-93C8-37223D95909A}.Debug|x64.Build.0 = Debug|Any CPU
		{8F7E6C93-D8C2-414F-93C8-37223D95909A}.Debug|x86.ActiveCfg = Debug|Any CPU
		{8F7E6C93-D8C2-414F-93C8-37223D95909A}.Debug|x86.Build.0 = Debug|Any CPU
		{8F7E6C93-D8C2-414F-93C8-37223D95909A}.Release|Any CPU.ActiveCfg = Release|Any CPU
		{8F7E6C93-D8C2-414F-93C8-37223D95909A}.Release|Any CPU.Build.0 = Release|Any CPU
		{8F7E6C93-D8C2-414F-93C8-37223D95909A}.Release|x64.ActiveCfg = Release|Any CPU
		{8F7E6C93-D8C2-414F-93C8-37223D95909A}.Release|x64.Build.0 = Release|Any CPU
		{8F7E6C93-D8C2-414F-93C8-37223D95909A}.Release|x86.ActiveCfg = Release|Any CPU
		{8F7E6C93-D8C2-414F-93C8-37223D95909A}.Release|x86.Build.0 = Release|Any CPU
		{7A8965BB-0F73-4F92-A666-7012EB854252}.Debug|Any CPU.ActiveCfg = Debug|Any CPU
		{7A8965BB-0F73-4F92-A666-7012EB854252}.Debug|Any CPU.Build.0 = Debug|Any CPU
		{7A8965BB-0F73-4F92-A666-7012EB854252}.Debug|x64.ActiveCfg = Debug|Any CPU
		{7A8965BB-0F73-4F92-A666-7012EB854252}.Debug|x64.Build.0 = Debug|Any CPU
		{7A8965BB-0F73-4F92-A666-7012EB854252}.Debug|x86.ActiveCfg = Debug|Any CPU
		{7A8965BB-0F73-4F92-A666-7012EB854252}.Debug|x86.Build.0 = Debug|Any CPU
		{7A8965BB-0F73-4F92-A666-7012EB854252}.Release|Any CPU.ActiveCfg = Release|Any CPU
		{7A8965BB-0F73-4F92-A666-7012EB854252}.Release|Any CPU.Build.0 = Release|Any CPU
		{7A8965BB-0F73-4F92-A666-7012EB854252}.Release|x64.ActiveCfg = Release|Any CPU
		{7A8965BB-0F73-4F92-A666-7012EB854252}.Release|x64.Build.0 = Release|Any CPU
		{7A8965BB-0F73-4F92-A666-7012EB854252}.Release|x86.ActiveCfg = Release|Any CPU
		{7A8965BB-0F73-4F92-A666-7012EB854252}.Release|x86.Build.0 = Release|Any CPU
		{D61FC9D6-9680-4743-A132-EBCDBB2D0071}.Debug|Any CPU.ActiveCfg = Debug|Any CPU
		{D61FC9D6-9680-4743-A132-EBCDBB2D0071}.Debug|Any CPU.Build.0 = Debug|Any CPU
		{D61FC9D6-9680-4743-A132-EBCDBB2D0071}.Debug|x64.ActiveCfg = Debug|Any CPU
		{D61FC9D6-9680-4743-A132-EBCDBB2D0071}.Debug|x64.Build.0 = Debug|Any CPU
		{D61FC9D6-9680-4743-A132-EBCDBB2D0071}.Debug|x86.ActiveCfg = Debug|Any CPU
		{D61FC9D6-9680-4743-A132-EBCDBB2D0071}.Debug|x86.Build.0 = Debug|Any CPU
		{D61FC9D6-9680-4743-A132-EBCDBB2D0071}.Release|Any CPU.ActiveCfg = Release|Any CPU
		{D61FC9D6-9680-4743-A132-EBCDBB2D0071}.Release|Any CPU.Build.0 = Release|Any CPU
		{D61FC9D6-9680-4743-A132-EBCDBB2D0071}.Release|x64.ActiveCfg = Release|Any CPU
		{D61FC9D6-9680-4743-A132-EBCDBB2D0071}.Release|x64.Build.0 = Release|Any CPU
		{D61FC9D6-9680-4743-A132-EBCDBB2D0071}.Release|x86.ActiveCfg = Release|Any CPU
		{D61FC9D6-9680-4743-A132-EBCDBB2D0071}.Release|x86.Build.0 = Release|Any CPU
		{67908F1D-3ADE-470B-9BDB-E780FAEA33B3}.Debug|Any CPU.ActiveCfg = Debug|Any CPU
		{67908F1D-3ADE-470B-9BDB-E780FAEA33B3}.Debug|Any CPU.Build.0 = Debug|Any CPU
		{67908F1D-3ADE-470B-9BDB-E780FAEA33B3}.Debug|x64.ActiveCfg = Debug|Any CPU
		{67908F1D-3ADE-470B-9BDB-E780FAEA33B3}.Debug|x64.Build.0 = Debug|Any CPU
		{67908F1D-3ADE-470B-9BDB-E780FAEA33B3}.Debug|x86.ActiveCfg = Debug|Any CPU
		{67908F1D-3ADE-470B-9BDB-E780FAEA33B3}.Debug|x86.Build.0 = Debug|Any CPU
		{67908F1D-3ADE-470B-9BDB-E780FAEA33B3}.Release|Any CPU.ActiveCfg = Release|Any CPU
		{67908F1D-3ADE-470B-9BDB-E780FAEA33B3}.Release|Any CPU.Build.0 = Release|Any CPU
		{67908F1D-3ADE-470B-9BDB-E780FAEA33B3}.Release|x64.ActiveCfg = Release|Any CPU
		{67908F1D-3ADE-470B-9BDB-E780FAEA33B3}.Release|x64.Build.0 = Release|Any CPU
		{67908F1D-3ADE-470B-9BDB-E780FAEA33B3}.Release|x86.ActiveCfg = Release|Any CPU
		{67908F1D-3ADE-470B-9BDB-E780FAEA33B3}.Release|x86.Build.0 = Release|Any CPU
		{3FF4AC22-A046-4A0A-9EC0-143421F7555F}.Debug|Any CPU.ActiveCfg = Debug|Any CPU
		{3FF4AC22-A046-4A0A-9EC0-143421F7555F}.Debug|Any CPU.Build.0 = Debug|Any CPU
		{3FF4AC22-A046-4A0A-9EC0-143421F7555F}.Debug|x64.ActiveCfg = Debug|Any CPU
		{3FF4AC22-A046-4A0A-9EC0-143421F7555F}.Debug|x64.Build.0 = Debug|Any CPU
		{3FF4AC22-A046-4A0A-9EC0-143421F7555F}.Debug|x86.ActiveCfg = Debug|Any CPU
		{3FF4AC22-A046-4A0A-9EC0-143421F7555F}.Debug|x86.Build.0 = Debug|Any CPU
		{3FF4AC22-A046-4A0A-9EC0-143421F7555F}.Release|Any CPU.ActiveCfg = Release|Any CPU
		{3FF4AC22-A046-4A0A-9EC0-143421F7555F}.Release|Any CPU.Build.0 = Release|Any CPU
		{3FF4AC22-A046-4A0A-9EC0-143421F7555F}.Release|x64.ActiveCfg = Release|Any CPU
		{3FF4AC22-A046-4A0A-9EC0-143421F7555F}.Release|x64.Build.0 = Release|Any CPU
		{3FF4AC22-A046-4A0A-9EC0-143421F7555F}.Release|x86.ActiveCfg = Release|Any CPU
		{3FF4AC22-A046-4A0A-9EC0-143421F7555F}.Release|x86.Build.0 = Release|Any CPU
		{03FFE781-4FF7-4824-A222-008B5DBB0F58}.Debug|Any CPU.ActiveCfg = Debug|Any CPU
		{03FFE781-4FF7-4824-A222-008B5DBB0F58}.Debug|Any CPU.Build.0 = Debug|Any CPU
		{03FFE781-4FF7-4824-A222-008B5DBB0F58}.Debug|x64.ActiveCfg = Debug|Any CPU
		{03FFE781-4FF7-4824-A222-008B5DBB0F58}.Debug|x64.Build.0 = Debug|Any CPU
		{03FFE781-4FF7-4824-A222-008B5DBB0F58}.Debug|x86.ActiveCfg = Debug|Any CPU
		{03FFE781-4FF7-4824-A222-008B5DBB0F58}.Debug|x86.Build.0 = Debug|Any CPU
		{03FFE781-4FF7-4824-A222-008B5DBB0F58}.Release|Any CPU.ActiveCfg = Release|Any CPU
		{03FFE781-4FF7-4824-A222-008B5DBB0F58}.Release|Any CPU.Build.0 = Release|Any CPU
		{03FFE781-4FF7-4824-A222-008B5DBB0F58}.Release|x64.ActiveCfg = Release|Any CPU
		{03FFE781-4FF7-4824-A222-008B5DBB0F58}.Release|x64.Build.0 = Release|Any CPU
		{03FFE781-4FF7-4824-A222-008B5DBB0F58}.Release|x86.ActiveCfg = Release|Any CPU
		{03FFE781-4FF7-4824-A222-008B5DBB0F58}.Release|x86.Build.0 = Release|Any CPU
	EndGlobalSection
	GlobalSection(SolutionProperties) = preSolution
		HideSolutionNode = FALSE
	EndGlobalSection
	GlobalSection(NestedProjects) = preSolution
		{984BB9B3-3FA3-BE33-9484-CAC21695A33C} = {827E0CD3-B72D-47B6-A68D-7590B98EB39B}
		{D933A115-F1A8-E5B2-7B3C-FAAE56DB120F} = {984BB9B3-3FA3-BE33-9484-CAC21695A33C}
		{05941FDF-390C-43B0-8097-CF2A59B6A131} = {D933A115-F1A8-E5B2-7B3C-FAAE56DB120F}
		{49329FD7-4D59-4301-9561-B1D8869FA58C} = {D933A115-F1A8-E5B2-7B3C-FAAE56DB120F}
		{710490D0-4A44-475C-A9A6-DF032BC88FB8} = {D933A115-F1A8-E5B2-7B3C-FAAE56DB120F}
		{070761EA-7E7B-46E7-B2FA-7E469EB141C7} = {D933A115-F1A8-E5B2-7B3C-FAAE56DB120F}
		{285983DD-A080-F31C-0423-0D54378F8BE9} = {984BB9B3-3FA3-BE33-9484-CAC21695A33C}
		{666EC27C-E4A9-48AF-A9A7-62F42C1DE803} = {285983DD-A080-F31C-0423-0D54378F8BE9}
		{1F860A72-5123-485D-B726-D5BA064EE722} = {285983DD-A080-F31C-0423-0D54378F8BE9}
		{8F7E6C93-D8C2-414F-93C8-37223D95909A} = {285983DD-A080-F31C-0423-0D54378F8BE9}
		{7A8965BB-0F73-4F92-A666-7012EB854252} = {285983DD-A080-F31C-0423-0D54378F8BE9}
		{90298CBA-BD6F-3A0A-69D5-97CAD7B05E7E} = {827E0CD3-B72D-47B6-A68D-7590B98EB39B}
		{D61FC9D6-9680-4743-A132-EBCDBB2D0071} = {90298CBA-BD6F-3A0A-69D5-97CAD7B05E7E}
		{67908F1D-3ADE-470B-9BDB-E780FAEA33B3} = {90298CBA-BD6F-3A0A-69D5-97CAD7B05E7E}
		{3FF4AC22-A046-4A0A-9EC0-143421F7555F} = {0AB3BF05-4346-4AA6-1389-037BE0695223}
		{03FFE781-4FF7-4824-A222-008B5DBB0F58} = {0AB3BF05-4346-4AA6-1389-037BE0695223}
	EndGlobalSection
EndGlobal
